
Microsoft Visual Studio Solution File, Format Version 12.00
# Visual Studio Version 17
VisualStudioVersion = 17.2.32630.192
MinimumVisualStudioVersion = 10.0.40219.1
Project("{9A19103F-16F7-4668-BE54-9A1E7A4F7556}") = "HomeWork2", "HomeWork2.csproj", "{20986BE8-10F3-44D7-A255-622030871980}"
EndProject
Project("{2150E333-8FDC-42A3-9474-1A3956D46DE8}") = "Domain", "Domain", "{696CA048-B042-423C-8CD5-031AFE32B953}"
EndProject
Project("{9A19103F-16F7-4668-BE54-9A1E7A4F7556}") = "Domain.Entities", "..\Domain.Entities\Domain.Entities.csproj", "{EBD5C120-8518-43D0-A391-1C42DD7CB85A}"
EndProject
Project("{2150E333-8FDC-42A3-9474-1A3956D46DE8}") = "Services", "Services", "{DEA8141A-A5DC-4F54-ACD2-18EC8A7A14C8}"
EndProject
Project("{9A19103F-16F7-4668-BE54-9A1E7A4F7556}") = "Services.Abstractons", "..\Services.Abstractons\Services.Abstractons.csproj", "{5678C5C0-B7A8-439A-94AB-FF057846433C}"
EndProject
Project("{9A19103F-16F7-4668-BE54-9A1E7A4F7556}") = "Services.Contracts", "..\Services.Contracts\Services.Contracts.csproj", "{A27DF4DD-4390-40AC-B29D-0426053C19B4}"
EndProject
Project("{2150E333-8FDC-42A3-9474-1A3956D46DE8}") = "Infrastructure", "Infrastructure", "{59A6AE9D-D056-4C86-9B99-2B9D6E99ABA3}"
EndProject
Project("{9A19103F-16F7-4668-BE54-9A1E7A4F7556}") = "Services.Implementations", "..\Services.Implementations\Services.Implementations.csproj", "{422E20F6-BF94-4CFB-B77D-90B53534DEAD}"
EndProject
Project("{9A19103F-16F7-4668-BE54-9A1E7A4F7556}") = "Services.Repositories.Abstractions", "..\Services.Repositories.Abstractions\Services.Repositories.Abstractions.csproj", "{B136443C-5EAB-44F1-9D3E-77FA5BD95F99}"
EndProject
Project("{9A19103F-16F7-4668-BE54-9A1E7A4F7556}") = "Infrastructure.EntityFramework", "..\Infrastructure.EntityFramework\Infrastructure.EntityFramework.csproj", "{3BC06AA6-96B1-453B-9274-88DA28268D86}"
EndProject
Project("{FAE04EC0-301F-11D3-BF4B-00C04F79EFBC}") = "Infrastructure.Repositories.Implementations", "..\Infrastructure.Repositories.Implementations\Infrastructure.Repositories.Implementations.csproj", "{311B198C-A01C-49AC-A63F-B7FFA37C0781}"
EndProject
Global
	GlobalSection(SolutionConfigurationPlatforms) = preSolution
		Debug|Any CPU = Debug|Any CPU
		Release|Any CPU = Release|Any CPU
	EndGlobalSection
	GlobalSection(ProjectConfigurationPlatforms) = postSolution
		{20986BE8-10F3-44D7-A255-622030871980}.Debug|Any CPU.ActiveCfg = Debug|Any CPU
		{20986BE8-10F3-44D7-A255-622030871980}.Debug|Any CPU.Build.0 = Debug|Any CPU
		{20986BE8-10F3-44D7-A255-622030871980}.Release|Any CPU.ActiveCfg = Release|Any CPU
		{20986BE8-10F3-44D7-A255-622030871980}.Release|Any CPU.Build.0 = Release|Any CPU
		{EBD5C120-8518-43D0-A391-1C42DD7CB85A}.Debug|Any CPU.ActiveCfg = Debug|Any CPU
		{EBD5C120-8518-43D0-A391-1C42DD7CB85A}.Debug|Any CPU.Build.0 = Debug|Any CPU
		{EBD5C120-8518-43D0-A391-1C42DD7CB85A}.Release|Any CPU.ActiveCfg = Release|Any CPU
		{EBD5C120-8518-43D0-A391-1C42DD7CB85A}.Release|Any CPU.Build.0 = Release|Any CPU
		{5678C5C0-B7A8-439A-94AB-FF057846433C}.Debug|Any CPU.ActiveCfg = Debug|Any CPU
		{5678C5C0-B7A8-439A-94AB-FF057846433C}.Debug|Any CPU.Build.0 = Debug|Any CPU
		{5678C5C0-B7A8-439A-94AB-FF057846433C}.Release|Any CPU.ActiveCfg = Release|Any CPU
		{5678C5C0-B7A8-439A-94AB-FF057846433C}.Release|Any CPU.Build.0 = Release|Any CPU
		{A27DF4DD-4390-40AC-B29D-0426053C19B4}.Debug|Any CPU.ActiveCfg = Debug|Any CPU
		{A27DF4DD-4390-40AC-B29D-0426053C19B4}.Debug|Any CPU.Build.0 = Debug|Any CPU
		{A27DF4DD-4390-40AC-B29D-0426053C19B4}.Release|Any CPU.ActiveCfg = Release|Any CPU
		{A27DF4DD-4390-40AC-B29D-0426053C19B4}.Release|Any CPU.Build.0 = Release|Any CPU
		{422E20F6-BF94-4CFB-B77D-90B53534DEAD}.Debug|Any CPU.ActiveCfg = Debug|Any CPU
		{422E20F6-BF94-4CFB-B77D-90B53534DEAD}.Debug|Any CPU.Build.0 = Debug|Any CPU
		{422E20F6-BF94-4CFB-B77D-90B53534DEAD}.Release|Any CPU.ActiveCfg = Release|Any CPU
		{422E20F6-BF94-4CFB-B77D-90B53534DEAD}.Release|Any CPU.Build.0 = Release|Any CPU
		{B136443C-5EAB-44F1-9D3E-77FA5BD95F99}.Debug|Any CPU.ActiveCfg = Debug|Any CPU
		{B136443C-5EAB-44F1-9D3E-77FA5BD95F99}.Debug|Any CPU.Build.0 = Debug|Any CPU
		{B136443C-5EAB-44F1-9D3E-77FA5BD95F99}.Release|Any CPU.ActiveCfg = Release|Any CPU
		{B136443C-5EAB-44F1-9D3E-77FA5BD95F99}.Release|Any CPU.Build.0 = Release|Any CPU
		{3BC06AA6-96B1-453B-9274-88DA28268D86}.Debug|Any CPU.ActiveCfg = Debug|Any CPU
		{3BC06AA6-96B1-453B-9274-88DA28268D86}.Debug|Any CPU.Build.0 = Debug|Any CPU
		{3BC06AA6-96B1-453B-9274-88DA28268D86}.Release|Any CPU.ActiveCfg = Release|Any CPU
		{3BC06AA6-96B1-453B-9274-88DA28268D86}.Release|Any CPU.Build.0 = Release|Any CPU
		{311B198C-A01C-49AC-A63F-B7FFA37C0781}.Debug|Any CPU.ActiveCfg = Debug|Any CPU
		{311B198C-A01C-49AC-A63F-B7FFA37C0781}.Debug|Any CPU.Build.0 = Debug|Any CPU
		{311B198C-A01C-49AC-A63F-B7FFA37C0781}.Release|Any CPU.ActiveCfg = Release|Any CPU
		{311B198C-A01C-49AC-A63F-B7FFA37C0781}.Release|Any CPU.Build.0 = Release|Any CPU
	EndGlobalSection
	GlobalSection(SolutionProperties) = preSolution
		HideSolutionNode = FALSE
	EndGlobalSection
	GlobalSection(NestedProjects) = preSolution
		{EBD5C120-8518-43D0-A391-1C42DD7CB85A} = {696CA048-B042-423C-8CD5-031AFE32B953}
		{5678C5C0-B7A8-439A-94AB-FF057846433C} = {DEA8141A-A5DC-4F54-ACD2-18EC8A7A14C8}
		{A27DF4DD-4390-40AC-B29D-0426053C19B4} = {DEA8141A-A5DC-4F54-ACD2-18EC8A7A14C8}
		{422E20F6-BF94-4CFB-B77D-90B53534DEAD} = {DEA8141A-A5DC-4F54-ACD2-18EC8A7A14C8}
		{B136443C-5EAB-44F1-9D3E-77FA5BD95F99} = {DEA8141A-A5DC-4F54-ACD2-18EC8A7A14C8}
		{3BC06AA6-96B1-453B-9274-88DA28268D86} = {59A6AE9D-D056-4C86-9B99-2B9D6E99ABA3}
		{311B198C-A01C-49AC-A63F-B7FFA37C0781} = {59A6AE9D-D056-4C86-9B99-2B9D6E99ABA3}
	EndGlobalSection
	GlobalSection(ExtensibilityGlobals) = postSolution
		SolutionGuid = {9AF859CC-FF05-4348-89F3-BF215BE69E12}
	EndGlobalSection
EndGlobal
